
Microsoft Visual Studio Solution File, Format Version 12.00
# Visual Studio Version 16
VisualStudioVersion = 16.0.32630.194
MinimumVisualStudioVersion = 10.0.40219.1
Project("{FAE04EC0-301F-11D3-BF4B-00C04F79EFBC}") = "Damla", "Damla\Damla.csproj", "{72359539-AB2B-4A9A-9D05-97BC8F905088}"
EndProject
Global
	GlobalSection(SolutionConfigurationPlatforms) = preSolution
		Debug|Any CPU = Debug|Any CPU
		Release|Any CPU = Release|Any CPU
	EndGlobalSection
	GlobalSection(ProjectConfigurationPlatforms) = postSolution
		{72359539-AB2B-4A9A-9D05-97BC8F905088}.Debug|Any CPU.ActiveCfg = Debug|Any CPU
		{72359539-AB2B-4A9A-9D05-97BC8F905088}.Debug|Any CPU.Build.0 = Debug|Any CPU
		{72359539-AB2B-4A9A-9D05-97BC8F905088}.Release|Any CPU.ActiveCfg = Release|Any CPU
		{72359539-AB2B-4A9A-9D05-97BC8F905088}.Release|Any CPU.Build.0 = Release|Any CPU
	EndGlobalSection
	GlobalSection(SolutionProperties) = preSolution
		HideSolutionNode = FALSE
	EndGlobalSection
	GlobalSection(ExtensibilityGlobals) = postSolution
		SolutionGuid = {391756CF-276B-4D16-8CFC-275591C5722C}
	EndGlobalSection
EndGlobal
